
Microsoft Visual Studio Solution File, Format Version 12.00
# Visual Studio Version 17
VisualStudioVersion = 17.0.31919.166
MinimumVisualStudioVersion = 10.0.40219.1
Project("{FAE04EC0-301F-11D3-BF4B-00C04F79EFBC}") = "Exercicio122", "Exercicio122\Exercicio122.csproj", "{596C88C8-2AC0-44DF-9F24-E54121914931}"
EndProject
Global
	GlobalSection(SolutionConfigurationPlatforms) = preSolution
		Debug|Any CPU = Debug|Any CPU
		Release|Any CPU = Release|Any CPU
	EndGlobalSection
	GlobalSection(ProjectConfigurationPlatforms) = postSolution
		{596C88C8-2AC0-44DF-9F24-E54121914931}.Debug|Any CPU.ActiveCfg = Debug|Any CPU
		{596C88C8-2AC0-44DF-9F24-E54121914931}.Debug|Any CPU.Build.0 = Debug|Any CPU
		{596C88C8-2AC0-44DF-9F24-E54121914931}.Release|Any CPU.ActiveCfg = Release|Any CPU
		{596C88C8-2AC0-44DF-9F24-E54121914931}.Release|Any CPU.Build.0 = Release|Any CPU
	EndGlobalSection
	GlobalSection(SolutionProperties) = preSolution
		HideSolutionNode = FALSE
	EndGlobalSection
	GlobalSection(ExtensibilityGlobals) = postSolution
		SolutionGuid = {9C7A5159-3159-46BC-B3F7-60823A4D63BB}
	EndGlobalSection
EndGlobal
